
Microsoft Visual Studio Solution File, Format Version 12.00
# Visual Studio Version 17
VisualStudioVersion = 17.3.32825.248
MinimumVisualStudioVersion = 10.0.40219.1
Project("{9A19103F-16F7-4668-BE54-9A1E7A4F7556}") = "View", "MVVM\View.csproj", "{B376933E-AC12-48CA-ACAA-6D48EBDA7E66}"
EndProject
Project("{FAE04EC0-301F-11D3-BF4B-00C04F79EFBC}") = "Model", "Hotel-Model\Model.csproj", "{972F07AB-6F33-462C-9DB8-31553ED0C9F6}"
EndProject
Project("{FAE04EC0-301F-11D3-BF4B-00C04F79EFBC}") = "ViewModel", "ViewModel\ViewModel.csproj", "{7957FCF5-A047-4F76-843B-1F91C82EFEEE}"
EndProject
Global
	GlobalSection(SolutionConfigurationPlatforms) = preSolution
		Debug|Any CPU = Debug|Any CPU
		Release|Any CPU = Release|Any CPU
	EndGlobalSection
	GlobalSection(ProjectConfigurationPlatforms) = postSolution
		{B376933E-AC12-48CA-ACAA-6D48EBDA7E66}.Debug|Any CPU.ActiveCfg = Debug|Any CPU
		{B376933E-AC12-48CA-ACAA-6D48EBDA7E66}.Debug|Any CPU.Build.0 = Debug|Any CPU
		{B376933E-AC12-48CA-ACAA-6D48EBDA7E66}.Release|Any CPU.ActiveCfg = Release|Any CPU
		{B376933E-AC12-48CA-ACAA-6D48EBDA7E66}.Release|Any CPU.Build.0 = Release|Any CPU
		{972F07AB-6F33-462C-9DB8-31553ED0C9F6}.Debug|Any CPU.ActiveCfg = Debug|Any CPU
		{972F07AB-6F33-462C-9DB8-31553ED0C9F6}.Debug|Any CPU.Build.0 = Debug|Any CPU
		{972F07AB-6F33-462C-9DB8-31553ED0C9F6}.Release|Any CPU.ActiveCfg = Release|Any CPU
		{972F07AB-6F33-462C-9DB8-31553ED0C9F6}.Release|Any CPU.Build.0 = Release|Any CPU
		{7957FCF5-A047-4F76-843B-1F91C82EFEEE}.Debug|Any CPU.ActiveCfg = Debug|Any CPU
		{7957FCF5-A047-4F76-843B-1F91C82EFEEE}.Debug|Any CPU.Build.0 = Debug|Any CPU
		{7957FCF5-A047-4F76-843B-1F91C82EFEEE}.Release|Any CPU.ActiveCfg = Release|Any CPU
		{7957FCF5-A047-4F76-843B-1F91C82EFEEE}.Release|Any CPU.Build.0 = Release|Any CPU
	EndGlobalSection
	GlobalSection(SolutionProperties) = preSolution
		HideSolutionNode = FALSE
	EndGlobalSection
	GlobalSection(ExtensibilityGlobals) = postSolution
		SolutionGuid = {D84E2B7F-3936-47EE-A609-6684BB253A9D}
	EndGlobalSection
EndGlobal
