
Microsoft Visual Studio Solution File, Format Version 12.00
# Visual Studio Version 17
VisualStudioVersion = 17.3.32825.248
MinimumVisualStudioVersion = 10.0.40219.1
Project("{FAE04EC0-301F-11D3-BF4B-00C04F79EFBC}") = "MVVM", "MVVM\MVVM.csproj", "{B376933E-AC12-48CA-ACAA-6D48EBDA7E66}"
EndProject
Global
	GlobalSection(SolutionConfigurationPlatforms) = preSolution
		Debug|Any CPU = Debug|Any CPU
		Release|Any CPU = Release|Any CPU
	EndGlobalSection
	GlobalSection(ProjectConfigurationPlatforms) = postSolution
		{B376933E-AC12-48CA-ACAA-6D48EBDA7E66}.Debug|Any CPU.ActiveCfg = Debug|Any CPU
		{B376933E-AC12-48CA-ACAA-6D48EBDA7E66}.Debug|Any CPU.Build.0 = Debug|Any CPU
		{B376933E-AC12-48CA-ACAA-6D48EBDA7E66}.Release|Any CPU.ActiveCfg = Release|Any CPU
		{B376933E-AC12-48CA-ACAA-6D48EBDA7E66}.Release|Any CPU.Build.0 = Release|Any CPU
	EndGlobalSection
	GlobalSection(SolutionProperties) = preSolution
		HideSolutionNode = FALSE
	EndGlobalSection
	GlobalSection(ExtensibilityGlobals) = postSolution
		SolutionGuid = {D84E2B7F-3936-47EE-A609-6684BB253A9D}
	EndGlobalSection
EndGlobal
